// !$*UTF8*$!
{
	archiveVersion = 1;
	classes = {
	};
	objectVersion = 46;
	objects = {

/* Begin PBXBuildFile section */
		263197561D955E7D009DF111 /* HZLScrollView2.m in Sources */ = {isa = PBXBuildFile; fileRef = 263197531D955E7D009DF111 /* HZLScrollView2.m */; };
		263197571D955E7D009DF111 /* HZLSegment2.m in Sources */ = {isa = PBXBuildFile; fileRef = 263197551D955E7D009DF111 /* HZLSegment2.m */; };
		2631975D1D956228009DF111 /* HZLFrame2.m in Sources */ = {isa = PBXBuildFile; fileRef = 2631975C1D956228009DF111 /* HZLFrame2.m */; };
		263197621D957C83009DF111 /* HZLScrollView.m in Sources */ = {isa = PBXBuildFile; fileRef = 2631975F1D957C83009DF111 /* HZLScrollView.m */; };
		263197631D957C83009DF111 /* HZLSegment.m in Sources */ = {isa = PBXBuildFile; fileRef = 263197611D957C83009DF111 /* HZLSegment.m */; };
		263197651D95830F009DF111 /* Reveal.framework in Frameworks */ = {isa = PBXBuildFile; fileRef = 263197641D95830F009DF111 /* Reveal.framework */; };
		2631976D1D95B632009DF111 /* AlbumCell.m in Sources */ = {isa = PBXBuildFile; fileRef = 2631976B1D95B632009DF111 /* AlbumCell.m */; };
		2631976E1D95B632009DF111 /* AlbumCell.xib in Resources */ = {isa = PBXBuildFile; fileRef = 2631976C1D95B632009DF111 /* AlbumCell.xib */; };
		263197711D95B681009DF111 /* fullPicButton.m in Sources */ = {isa = PBXBuildFile; fileRef = 263197701D95B681009DF111 /* fullPicButton.m */; };
		2631977C1D97195F009DF111 /* BaseModel.m in Sources */ = {isa = PBXBuildFile; fileRef = 2631977B1D97195F009DF111 /* BaseModel.m */; };
		2631977F1D97930A009DF111 /* HZLNetManager.m in Sources */ = {isa = PBXBuildFile; fileRef = 2631977E1D97930A009DF111 /* HZLNetManager.m */; };
		263197861D97A05B009DF111 /* MusicViewController.m in Sources */ = {isa = PBXBuildFile; fileRef = 263197851D97A05B009DF111 /* MusicViewController.m */; };
		2631978A1D97A06B009DF111 /* MusicDetailViewController.m in Sources */ = {isa = PBXBuildFile; fileRef = 263197881D97A06B009DF111 /* MusicDetailViewController.m */; };
		2631978B1D97A06B009DF111 /* MusicDetailViewController.xib in Resources */ = {isa = PBXBuildFile; fileRef = 263197891D97A06B009DF111 /* MusicDetailViewController.xib */; };
		2631978E1D97A088009DF111 /* MusicModel.m in Sources */ = {isa = PBXBuildFile; fileRef = 2631978D1D97A088009DF111 /* MusicModel.m */; };
		263197921D97A0D2009DF111 /* MusicCell.m in Sources */ = {isa = PBXBuildFile; fileRef = 263197901D97A0D2009DF111 /* MusicCell.m */; };
		263197931D97A0D2009DF111 /* MusicCell.xib in Resources */ = {isa = PBXBuildFile; fileRef = 263197911D97A0D2009DF111 /* MusicCell.xib */; };
		263197981D97A0DD009DF111 /* CustomProgressView.m in Sources */ = {isa = PBXBuildFile; fileRef = 263197951D97A0DD009DF111 /* CustomProgressView.m */; };
		263197991D97A0DD009DF111 /* CustomProgressView+BaseConfiguration.m in Sources */ = {isa = PBXBuildFile; fileRef = 263197971D97A0DD009DF111 /* CustomProgressView+BaseConfiguration.m */; };
		263197A01D97A3F0009DF111 /* BaseViewController.m in Sources */ = {isa = PBXBuildFile; fileRef = 2631979F1D97A3F0009DF111 /* BaseViewController.m */; };
		26348B131D9BA02700DC52FC /* AlbumDetailViewController.m in Sources */ = {isa = PBXBuildFile; fileRef = 26348B111D9BA02700DC52FC /* AlbumDetailViewController.m */; };
		26348B141D9BA02700DC52FC /* AlbumDetailViewController.xib in Resources */ = {isa = PBXBuildFile; fileRef = 26348B121D9BA02700DC52FC /* AlbumDetailViewController.xib */; };
		26348B181D9BA0A900DC52FC /* AlbumDetailCell.m in Sources */ = {isa = PBXBuildFile; fileRef = 26348B161D9BA0A900DC52FC /* AlbumDetailCell.m */; };
		26348B191D9BA0A900DC52FC /* AlbumDetailCell.xib in Resources */ = {isa = PBXBuildFile; fileRef = 26348B171D9BA0A900DC52FC /* AlbumDetailCell.xib */; };
		26348B1D1D9BA0D200DC52FC /* headerView.m in Sources */ = {isa = PBXBuildFile; fileRef = 26348B1B1D9BA0D200DC52FC /* headerView.m */; };
		26348B1E1D9BA0D200DC52FC /* headerView.xib in Resources */ = {isa = PBXBuildFile; fileRef = 26348B1C1D9BA0D200DC52FC /* headerView.xib */; };
		26348B4F1D9D2F0E00DC52FC /* RootViewController.m in Sources */ = {isa = PBXBuildFile; fileRef = 26348B4E1D9D2F0E00DC52FC /* RootViewController.m */; };
		2643BD6D1DA6682700B53A3E /* DiscoverViewHeader.m in Sources */ = {isa = PBXBuildFile; fileRef = 2643BD6C1DA6682700B53A3E /* DiscoverViewHeader.m */; };
		2643BD711DA6686100B53A3E /* DiscoverViewHeader.xib in Resources */ = {isa = PBXBuildFile; fileRef = 2643BD701DA6686100B53A3E /* DiscoverViewHeader.xib */; };
		2643BD741DA6810000B53A3E /* PicTitleBtn.m in Sources */ = {isa = PBXBuildFile; fileRef = 2643BD731DA6810000B53A3E /* PicTitleBtn.m */; };
		2643BD771DA6CAB400B53A3E /* DiscoverHeaderScroll.m in Sources */ = {isa = PBXBuildFile; fileRef = 2643BD761DA6CAB400B53A3E /* DiscoverHeaderScroll.m */; };
		26A4E02F1DA7A2B50037E544 /* DiscoveryModel.m in Sources */ = {isa = PBXBuildFile; fileRef = 26A4E02E1DA7A2B50037E544 /* DiscoveryModel.m */; };
		26A4E0321DA7FD9C0037E544 /* DiscoveryFlowLayout.m in Sources */ = {isa = PBXBuildFile; fileRef = 26A4E0311DA7FD9B0037E544 /* DiscoveryFlowLayout.m */; };
		26A4E05C1DAA70F20037E544 /* DisccoverCollectionViewCellOne.m in Sources */ = {isa = PBXBuildFile; fileRef = 26A4E05A1DAA70F20037E544 /* DisccoverCollectionViewCellOne.m */; };
		26A4E05D1DAA70F20037E544 /* DisccoverCollectionViewCellOne.xib in Resources */ = {isa = PBXBuildFile; fileRef = 26A4E05B1DAA70F20037E544 /* DisccoverCollectionViewCellOne.xib */; };
		26C8CE131D92A86B008A3CD9 /* main.m in Sources */ = {isa = PBXBuildFile; fileRef = 26C8CE121D92A86B008A3CD9 /* main.m */; };
		26C8CE161D92A86B008A3CD9 /* AppDelegate.m in Sources */ = {isa = PBXBuildFile; fileRef = 26C8CE151D92A86B008A3CD9 /* AppDelegate.m */; };
		26C8CE191D92A86B008A3CD9 /* ViewController.m in Sources */ = {isa = PBXBuildFile; fileRef = 26C8CE181D92A86B008A3CD9 /* ViewController.m */; };
		26C8CE1C1D92A86B008A3CD9 /* Main.storyboard in Resources */ = {isa = PBXBuildFile; fileRef = 26C8CE1A1D92A86B008A3CD9 /* Main.storyboard */; };
		26C8CE1E1D92A86B008A3CD9 /* Assets.xcassets in Resources */ = {isa = PBXBuildFile; fileRef = 26C8CE1D1D92A86B008A3CD9 /* Assets.xcassets */; };
		26C8CE211D92A86B008A3CD9 /* LaunchScreen.storyboard in Resources */ = {isa = PBXBuildFile; fileRef = 26C8CE1F1D92A86B008A3CD9 /* LaunchScreen.storyboard */; };
		26C8CE451D92AEBA008A3CD9 /* MeViewController.m in Sources */ = {isa = PBXBuildFile; fileRef = 26C8CE441D92AEBA008A3CD9 /* MeViewController.m */; };
		26C8CE4B1D92AEF6008A3CD9 /* HZLTabBarViewController.m in Sources */ = {isa = PBXBuildFile; fileRef = 26C8CE4A1D92AEF6008A3CD9 /* HZLTabBarViewController.m */; };
		26C8CE4E1D92AF06008A3CD9 /* AlbumViewController.m in Sources */ = {isa = PBXBuildFile; fileRef = 26C8CE4D1D92AF06008A3CD9 /* AlbumViewController.m */; };
		26C8CE511D92AF1D008A3CD9 /* RemindViewController.m in Sources */ = {isa = PBXBuildFile; fileRef = 26C8CE501D92AF1D008A3CD9 /* RemindViewController.m */; };
		26C8CE541D92AF2B008A3CD9 /* DiscoverViewController.m in Sources */ = {isa = PBXBuildFile; fileRef = 26C8CE531D92AF2B008A3CD9 /* DiscoverViewController.m */; };
		26C8CE571D92AF36008A3CD9 /* TrendViewController.m in Sources */ = {isa = PBXBuildFile; fileRef = 26C8CE561D92AF36008A3CD9 /* TrendViewController.m */; };
		F62FBD8B1709EBEFC470703D /* libPods-HZLProjectDemo.a in Frameworks */ = {isa = PBXBuildFile; fileRef = AFA2381D08A7287B766C93F8 /* libPods-HZLProjectDemo.a */; };
/* End PBXBuildFile section */

/* Begin PBXFileReference section */
		1F77062DCDC8809FE50472CE /* Pods-HZLProjectDemo.release.xcconfig */ = {isa = PBXFileReference; includeInIndex = 1; lastKnownFileType = text.xcconfig; name = "Pods-HZLProjectDemo.release.xcconfig"; path = "Pods/Target Support Files/Pods-HZLProjectDemo/Pods-HZLProjectDemo.release.xcconfig"; sourceTree = "<group>"; };
		263197521D955E7D009DF111 /* HZLScrollView2.h */ = {isa = PBXFileReference; fileEncoding = 4; lastKnownFileType = sourcecode.c.h; path = HZLScrollView2.h; sourceTree = "<group>"; };
		263197531D955E7D009DF111 /* HZLScrollView2.m */ = {isa = PBXFileReference; fileEncoding = 4; lastKnownFileType = sourcecode.c.objc; path = HZLScrollView2.m; sourceTree = "<group>"; };
		263197541D955E7D009DF111 /* HZLSegment2.h */ = {isa = PBXFileReference; fileEncoding = 4; lastKnownFileType = sourcecode.c.h; path = HZLSegment2.h; sourceTree = "<group>"; };
		263197551D955E7D009DF111 /* HZLSegment2.m */ = {isa = PBXFileReference; fileEncoding = 4; lastKnownFileType = sourcecode.c.objc; path = HZLSegment2.m; sourceTree = "<group>"; };
		2631975B1D956228009DF111 /* HZLFrame2.h */ = {isa = PBXFileReference; fileEncoding = 4; lastKnownFileType = sourcecode.c.h; path = HZLFrame2.h; sourceTree = "<group>"; };
		2631975C1D956228009DF111 /* HZLFrame2.m */ = {isa = PBXFileReference; fileEncoding = 4; lastKnownFileType = sourcecode.c.objc; path = HZLFrame2.m; sourceTree = "<group>"; };
		2631975E1D957C83009DF111 /* HZLScrollView.h */ = {isa = PBXFileReference; fileEncoding = 4; lastKnownFileType = sourcecode.c.h; path = HZLScrollView.h; sourceTree = "<group>"; };
		2631975F1D957C83009DF111 /* HZLScrollView.m */ = {isa = PBXFileReference; fileEncoding = 4; lastKnownFileType = sourcecode.c.objc; path = HZLScrollView.m; sourceTree = "<group>"; };
		263197601D957C83009DF111 /* HZLSegment.h */ = {isa = PBXFileReference; fileEncoding = 4; lastKnownFileType = sourcecode.c.h; path = HZLSegment.h; sourceTree = "<group>"; };
		263197611D957C83009DF111 /* HZLSegment.m */ = {isa = PBXFileReference; fileEncoding = 4; lastKnownFileType = sourcecode.c.objc; path = HZLSegment.m; sourceTree = "<group>"; };
		263197641D95830F009DF111 /* Reveal.framework */ = {isa = PBXFileReference; lastKnownFileType = wrapper.framework; path = Reveal.framework; sourceTree = "<group>"; };
		2631976A1D95B632009DF111 /* AlbumCell.h */ = {isa = PBXFileReference; fileEncoding = 4; lastKnownFileType = sourcecode.c.h; name = AlbumCell.h; path = ../../View/AlbumCell.h; sourceTree = "<group>"; };
		2631976B1D95B632009DF111 /* AlbumCell.m */ = {isa = PBXFileReference; fileEncoding = 4; lastKnownFileType = sourcecode.c.objc; name = AlbumCell.m; path = ../../View/AlbumCell.m; sourceTree = "<group>"; };
		2631976C1D95B632009DF111 /* AlbumCell.xib */ = {isa = PBXFileReference; fileEncoding = 4; lastKnownFileType = file.xib; name = AlbumCell.xib; path = ../../View/AlbumCell.xib; sourceTree = "<group>"; };
		2631976F1D95B681009DF111 /* fullPicButton.h */ = {isa = PBXFileReference; fileEncoding = 4; lastKnownFileType = sourcecode.c.h; path = fullPicButton.h; sourceTree = "<group>"; };
		263197701D95B681009DF111 /* fullPicButton.m */ = {isa = PBXFileReference; fileEncoding = 4; lastKnownFileType = sourcecode.c.objc; path = fullPicButton.m; sourceTree = "<group>"; };
		2631977A1D97195F009DF111 /* BaseModel.h */ = {isa = PBXFileReference; fileEncoding = 4; lastKnownFileType = sourcecode.c.h; path = BaseModel.h; sourceTree = "<group>"; };
		2631977B1D97195F009DF111 /* BaseModel.m */ = {isa = PBXFileReference; fileEncoding = 4; lastKnownFileType = sourcecode.c.objc; path = BaseModel.m; sourceTree = "<group>"; };
		2631977D1D97930A009DF111 /* HZLNetManager.h */ = {isa = PBXFileReference; fileEncoding = 4; lastKnownFileType = sourcecode.c.h; path = HZLNetManager.h; sourceTree = "<group>"; };
		2631977E1D97930A009DF111 /* HZLNetManager.m */ = {isa = PBXFileReference; fileEncoding = 4; lastKnownFileType = sourcecode.c.objc; path = HZLNetManager.m; sourceTree = "<group>"; };
		263197841D97A05B009DF111 /* MusicViewController.h */ = {isa = PBXFileReference; fileEncoding = 4; lastKnownFileType = sourcecode.c.h; path = MusicViewController.h; sourceTree = "<group>"; };
		263197851D97A05B009DF111 /* MusicViewController.m */ = {isa = PBXFileReference; fileEncoding = 4; lastKnownFileType = sourcecode.c.objc; path = MusicViewController.m; sourceTree = "<group>"; };
		263197871D97A06B009DF111 /* MusicDetailViewController.h */ = {isa = PBXFileReference; fileEncoding = 4; lastKnownFileType = sourcecode.c.h; path = MusicDetailViewController.h; sourceTree = "<group>"; };
		263197881D97A06B009DF111 /* MusicDetailViewController.m */ = {isa = PBXFileReference; fileEncoding = 4; lastKnownFileType = sourcecode.c.objc; path = MusicDetailViewController.m; sourceTree = "<group>"; };
		263197891D97A06B009DF111 /* MusicDetailViewController.xib */ = {isa = PBXFileReference; fileEncoding = 4; lastKnownFileType = file.xib; path = MusicDetailViewController.xib; sourceTree = "<group>"; };
		2631978C1D97A088009DF111 /* MusicModel.h */ = {isa = PBXFileReference; fileEncoding = 4; lastKnownFileType = sourcecode.c.h; path = MusicModel.h; sourceTree = "<group>"; };
		2631978D1D97A088009DF111 /* MusicModel.m */ = {isa = PBXFileReference; fileEncoding = 4; lastKnownFileType = sourcecode.c.objc; path = MusicModel.m; sourceTree = "<group>"; };
		2631978F1D97A0D2009DF111 /* MusicCell.h */ = {isa = PBXFileReference; fileEncoding = 4; lastKnownFileType = sourcecode.c.h; path = MusicCell.h; sourceTree = "<group>"; };
		263197901D97A0D2009DF111 /* MusicCell.m */ = {isa = PBXFileReference; fileEncoding = 4; lastKnownFileType = sourcecode.c.objc; path = MusicCell.m; sourceTree = "<group>"; };
		263197911D97A0D2009DF111 /* MusicCell.xib */ = {isa = PBXFileReference; fileEncoding = 4; lastKnownFileType = file.xib; path = MusicCell.xib; sourceTree = "<group>"; };
		263197941D97A0DD009DF111 /* CustomProgressView.h */ = {isa = PBXFileReference; fileEncoding = 4; lastKnownFileType = sourcecode.c.h; path = CustomProgressView.h; sourceTree = "<group>"; };
		263197951D97A0DD009DF111 /* CustomProgressView.m */ = {isa = PBXFileReference; fileEncoding = 4; lastKnownFileType = sourcecode.c.objc; path = CustomProgressView.m; sourceTree = "<group>"; };
		263197961D97A0DD009DF111 /* CustomProgressView+BaseConfiguration.h */ = {isa = PBXFileReference; fileEncoding = 4; lastKnownFileType = sourcecode.c.h; path = "CustomProgressView+BaseConfiguration.h"; sourceTree = "<group>"; };
		263197971D97A0DD009DF111 /* CustomProgressView+BaseConfiguration.m */ = {isa = PBXFileReference; fileEncoding = 4; lastKnownFileType = sourcecode.c.objc; path = "CustomProgressView+BaseConfiguration.m"; sourceTree = "<group>"; };
		2631979E1D97A3F0009DF111 /* BaseViewController.h */ = {isa = PBXFileReference; fileEncoding = 4; lastKnownFileType = sourcecode.c.h; path = BaseViewController.h; sourceTree = "<group>"; };
		2631979F1D97A3F0009DF111 /* BaseViewController.m */ = {isa = PBXFileReference; fileEncoding = 4; lastKnownFileType = sourcecode.c.objc; path = BaseViewController.m; sourceTree = "<group>"; };
		26348B101D9BA02700DC52FC /* AlbumDetailViewController.h */ = {isa = PBXFileReference; fileEncoding = 4; lastKnownFileType = sourcecode.c.h; path = AlbumDetailViewController.h; sourceTree = "<group>"; };
		26348B111D9BA02700DC52FC /* AlbumDetailViewController.m */ = {isa = PBXFileReference; fileEncoding = 4; lastKnownFileType = sourcecode.c.objc; path = AlbumDetailViewController.m; sourceTree = "<group>"; };
		26348B121D9BA02700DC52FC /* AlbumDetailViewController.xib */ = {isa = PBXFileReference; fileEncoding = 4; lastKnownFileType = file.xib; path = AlbumDetailViewController.xib; sourceTree = "<group>"; };
		26348B151D9BA0A900DC52FC /* AlbumDetailCell.h */ = {isa = PBXFileReference; fileEncoding = 4; lastKnownFileType = sourcecode.c.h; path = AlbumDetailCell.h; sourceTree = "<group>"; };
		26348B161D9BA0A900DC52FC /* AlbumDetailCell.m */ = {isa = PBXFileReference; fileEncoding = 4; lastKnownFileType = sourcecode.c.objc; path = AlbumDetailCell.m; sourceTree = "<group>"; };
		26348B171D9BA0A900DC52FC /* AlbumDetailCell.xib */ = {isa = PBXFileReference; fileEncoding = 4; lastKnownFileType = file.xib; path = AlbumDetailCell.xib; sourceTree = "<group>"; };
		26348B1A1D9BA0D200DC52FC /* headerView.h */ = {isa = PBXFileReference; fileEncoding = 4; lastKnownFileType = sourcecode.c.h; path = headerView.h; sourceTree = "<group>"; };
		26348B1B1D9BA0D200DC52FC /* headerView.m */ = {isa = PBXFileReference; fileEncoding = 4; lastKnownFileType = sourcecode.c.objc; path = headerView.m; sourceTree = "<group>"; };
		26348B1C1D9BA0D200DC52FC /* headerView.xib */ = {isa = PBXFileReference; fileEncoding = 4; lastKnownFileType = file.xib; path = headerView.xib; sourceTree = "<group>"; };
		26348B4D1D9D2F0E00DC52FC /* RootViewController.h */ = {isa = PBXFileReference; fileEncoding = 4; lastKnownFileType = sourcecode.c.h; path = RootViewController.h; sourceTree = "<group>"; };
		26348B4E1D9D2F0E00DC52FC /* RootViewController.m */ = {isa = PBXFileReference; fileEncoding = 4; lastKnownFileType = sourcecode.c.objc; path = RootViewController.m; sourceTree = "<group>"; };
		2643BD6B1DA6682700B53A3E /* DiscoverViewHeader.h */ = {isa = PBXFileReference; fileEncoding = 4; lastKnownFileType = sourcecode.c.h; path = DiscoverViewHeader.h; sourceTree = "<group>"; };
		2643BD6C1DA6682700B53A3E /* DiscoverViewHeader.m */ = {isa = PBXFileReference; fileEncoding = 4; lastKnownFileType = sourcecode.c.objc; path = DiscoverViewHeader.m; sourceTree = "<group>"; };
		2643BD701DA6686100B53A3E /* DiscoverViewHeader.xib */ = {isa = PBXFileReference; fileEncoding = 4; lastKnownFileType = file.xib; path = DiscoverViewHeader.xib; sourceTree = "<group>"; };
		2643BD721DA6810000B53A3E /* PicTitleBtn.h */ = {isa = PBXFileReference; fileEncoding = 4; lastKnownFileType = sourcecode.c.h; path = PicTitleBtn.h; sourceTree = "<group>"; };
		2643BD731DA6810000B53A3E /* PicTitleBtn.m */ = {isa = PBXFileReference; fileEncoding = 4; lastKnownFileType = sourcecode.c.objc; path = PicTitleBtn.m; sourceTree = "<group>"; };
		2643BD751DA6CAB400B53A3E /* DiscoverHeaderScroll.h */ = {isa = PBXFileReference; fileEncoding = 4; lastKnownFileType = sourcecode.c.h; path = DiscoverHeaderScroll.h; sourceTree = "<group>"; };
		2643BD761DA6CAB400B53A3E /* DiscoverHeaderScroll.m */ = {isa = PBXFileReference; fileEncoding = 4; lastKnownFileType = sourcecode.c.objc; path = DiscoverHeaderScroll.m; sourceTree = "<group>"; };
		26A4E02D1DA7A2B50037E544 /* DiscoveryModel.h */ = {isa = PBXFileReference; fileEncoding = 4; lastKnownFileType = sourcecode.c.h; path = DiscoveryModel.h; sourceTree = "<group>"; };
		26A4E02E1DA7A2B50037E544 /* DiscoveryModel.m */ = {isa = PBXFileReference; fileEncoding = 4; lastKnownFileType = sourcecode.c.objc; path = DiscoveryModel.m; sourceTree = "<group>"; };
		26A4E0301DA7FD9B0037E544 /* DiscoveryFlowLayout.h */ = {isa = PBXFileReference; fileEncoding = 4; lastKnownFileType = sourcecode.c.h; path = DiscoveryFlowLayout.h; sourceTree = "<group>"; };
		26A4E0311DA7FD9B0037E544 /* DiscoveryFlowLayout.m */ = {isa = PBXFileReference; fileEncoding = 4; lastKnownFileType = sourcecode.c.objc; path = DiscoveryFlowLayout.m; sourceTree = "<group>"; };
		26A4E0591DAA70F20037E544 /* DisccoverCollectionViewCellOne.h */ = {isa = PBXFileReference; fileEncoding = 4; lastKnownFileType = sourcecode.c.h; path = DisccoverCollectionViewCellOne.h; sourceTree = "<group>"; };
		26A4E05A1DAA70F20037E544 /* DisccoverCollectionViewCellOne.m */ = {isa = PBXFileReference; fileEncoding = 4; lastKnownFileType = sourcecode.c.objc; path = DisccoverCollectionViewCellOne.m; sourceTree = "<group>"; };
		26A4E05B1DAA70F20037E544 /* DisccoverCollectionViewCellOne.xib */ = {isa = PBXFileReference; fileEncoding = 4; lastKnownFileType = file.xib; path = DisccoverCollectionViewCellOne.xib; sourceTree = "<group>"; };
		26C8CE0E1D92A86B008A3CD9 /* HZLProjectDemo.app */ = {isa = PBXFileReference; explicitFileType = wrapper.application; includeInIndex = 0; path = HZLProjectDemo.app; sourceTree = BUILT_PRODUCTS_DIR; };
		26C8CE121D92A86B008A3CD9 /* main.m */ = {isa = PBXFileReference; lastKnownFileType = sourcecode.c.objc; path = main.m; sourceTree = "<group>"; };
		26C8CE141D92A86B008A3CD9 /* AppDelegate.h */ = {isa = PBXFileReference; lastKnownFileType = sourcecode.c.h; path = AppDelegate.h; sourceTree = "<group>"; };
		26C8CE151D92A86B008A3CD9 /* AppDelegate.m */ = {isa = PBXFileReference; lastKnownFileType = sourcecode.c.objc; path = AppDelegate.m; sourceTree = "<group>"; };
		26C8CE171D92A86B008A3CD9 /* ViewController.h */ = {isa = PBXFileReference; lastKnownFileType = sourcecode.c.h; path = ViewController.h; sourceTree = "<group>"; };
		26C8CE181D92A86B008A3CD9 /* ViewController.m */ = {isa = PBXFileReference; lastKnownFileType = sourcecode.c.objc; path = ViewController.m; sourceTree = "<group>"; };
		26C8CE1B1D92A86B008A3CD9 /* Base */ = {isa = PBXFileReference; lastKnownFileType = file.storyboard; name = Base; path = Base.lproj/Main.storyboard; sourceTree = "<group>"; };
		26C8CE1D1D92A86B008A3CD9 /* Assets.xcassets */ = {isa = PBXFileReference; lastKnownFileType = folder.assetcatalog; path = Assets.xcassets; sourceTree = "<group>"; };
		26C8CE201D92A86B008A3CD9 /* Base */ = {isa = PBXFileReference; lastKnownFileType = file.storyboard; name = Base; path = Base.lproj/LaunchScreen.storyboard; sourceTree = "<group>"; };
		26C8CE221D92A86B008A3CD9 /* Info.plist */ = {isa = PBXFileReference; lastKnownFileType = text.plist.xml; path = Info.plist; sourceTree = "<group>"; };
		26C8CE431D92AEBA008A3CD9 /* MeViewController.h */ = {isa = PBXFileReference; fileEncoding = 4; lastKnownFileType = sourcecode.c.h; path = MeViewController.h; sourceTree = "<group>"; };
		26C8CE441D92AEBA008A3CD9 /* MeViewController.m */ = {isa = PBXFileReference; fileEncoding = 4; lastKnownFileType = sourcecode.c.objc; path = MeViewController.m; sourceTree = "<group>"; };
		26C8CE491D92AEF6008A3CD9 /* HZLTabBarViewController.h */ = {isa = PBXFileReference; fileEncoding = 4; lastKnownFileType = sourcecode.c.h; path = HZLTabBarViewController.h; sourceTree = "<group>"; };
		26C8CE4A1D92AEF6008A3CD9 /* HZLTabBarViewController.m */ = {isa = PBXFileReference; fileEncoding = 4; lastKnownFileType = sourcecode.c.objc; path = HZLTabBarViewController.m; sourceTree = "<group>"; };
		26C8CE4C1D92AF06008A3CD9 /* AlbumViewController.h */ = {isa = PBXFileReference; fileEncoding = 4; lastKnownFileType = sourcecode.c.h; name = AlbumViewController.h; path = HZLProjectDemo/BaseContent/Controller/AlbumViewController.h; sourceTree = SOURCE_ROOT; };
		26C8CE4D1D92AF06008A3CD9 /* AlbumViewController.m */ = {isa = PBXFileReference; fileEncoding = 4; lastKnownFileType = sourcecode.c.objc; name = AlbumViewController.m; path = HZLProjectDemo/BaseContent/Controller/AlbumViewController.m; sourceTree = SOURCE_ROOT; };
		26C8CE4F1D92AF1D008A3CD9 /* RemindViewController.h */ = {isa = PBXFileReference; fileEncoding = 4; lastKnownFileType = sourcecode.c.h; path = RemindViewController.h; sourceTree = "<group>"; };
		26C8CE501D92AF1D008A3CD9 /* RemindViewController.m */ = {isa = PBXFileReference; fileEncoding = 4; lastKnownFileType = sourcecode.c.objc; path = RemindViewController.m; sourceTree = "<group>"; };
		26C8CE521D92AF2B008A3CD9 /* DiscoverViewController.h */ = {isa = PBXFileReference; fileEncoding = 4; lastKnownFileType = sourcecode.c.h; path = DiscoverViewController.h; sourceTree = "<group>"; };
		26C8CE531D92AF2B008A3CD9 /* DiscoverViewController.m */ = {isa = PBXFileReference; fileEncoding = 4; lastKnownFileType = sourcecode.c.objc; path = DiscoverViewController.m; sourceTree = "<group>"; };
		26C8CE551D92AF36008A3CD9 /* TrendViewController.h */ = {isa = PBXFileReference; fileEncoding = 4; lastKnownFileType = sourcecode.c.h; path = TrendViewController.h; sourceTree = "<group>"; };
		26C8CE561D92AF36008A3CD9 /* TrendViewController.m */ = {isa = PBXFileReference; fileEncoding = 4; lastKnownFileType = sourcecode.c.objc; path = TrendViewController.m; sourceTree = "<group>"; };
		26E86E4C1D9395990041F91D /* API.h */ = {isa = PBXFileReference; lastKnownFileType = sourcecode.c.h; path = API.h; sourceTree = "<group>"; };
		26E86E4D1D9397160041F91D /* HZLPch.pch */ = {isa = PBXFileReference; lastKnownFileType = sourcecode.c.h; path = HZLPch.pch; sourceTree = "<group>"; };
		26E86E4E1D93975C0041F91D /* ThirdPartyLibrary.h */ = {isa = PBXFileReference; lastKnownFileType = sourcecode.c.h; path = ThirdPartyLibrary.h; sourceTree = "<group>"; };
		3CC10C386C8AC672D268900A /* Pods-HZLProjectDemo.debug.xcconfig */ = {isa = PBXFileReference; includeInIndex = 1; lastKnownFileType = text.xcconfig; name = "Pods-HZLProjectDemo.debug.xcconfig"; path = "Pods/Target Support Files/Pods-HZLProjectDemo/Pods-HZLProjectDemo.debug.xcconfig"; sourceTree = "<group>"; };
		AFA2381D08A7287B766C93F8 /* libPods-HZLProjectDemo.a */ = {isa = PBXFileReference; explicitFileType = archive.ar; includeInIndex = 0; path = "libPods-HZLProjectDemo.a"; sourceTree = BUILT_PRODUCTS_DIR; };
/* End PBXFileReference section */

/* Begin PBXFrameworksBuildPhase section */
		26C8CE0B1D92A86B008A3CD9 /* Frameworks */ = {
			isa = PBXFrameworksBuildPhase;
			buildActionMask = 2147483647;
			files = (
				F62FBD8B1709EBEFC470703D /* libPods-HZLProjectDemo.a in Frameworks */,
				263197651D95830F009DF111 /* Reveal.framework in Frameworks */,
			);
			runOnlyForDeploymentPostprocessing = 0;
		};
/* End PBXFrameworksBuildPhase section */

/* Begin PBXGroup section */
		263197661D95ADE1009DF111 /* Manager */ = {
			isa = PBXGroup;
			children = (
				2631977D1D97930A009DF111 /* HZLNetManager.h */,
				2631977E1D97930A009DF111 /* HZLNetManager.m */,
			);
			path = Manager;
			sourceTree = "<group>";
		};
		263197801D97A026009DF111 /* Music */ = {
			isa = PBXGroup;
			children = (
				263197831D97A042009DF111 /* View */,
				263197821D97A03A009DF111 /* Model */,
				263197811D97A02E009DF111 /* Controller */,
			);
			name = Music;
			sourceTree = "<group>";
		};
		263197811D97A02E009DF111 /* Controller */ = {
			isa = PBXGroup;
			children = (
				263197871D97A06B009DF111 /* MusicDetailViewController.h */,
				263197881D97A06B009DF111 /* MusicDetailViewController.m */,
				263197891D97A06B009DF111 /* MusicDetailViewController.xib */,
				263197841D97A05B009DF111 /* MusicViewController.h */,
				263197851D97A05B009DF111 /* MusicViewController.m */,
			);
			name = Controller;
			sourceTree = "<group>";
		};
		263197821D97A03A009DF111 /* Model */ = {
			isa = PBXGroup;
			children = (
				2631978C1D97A088009DF111 /* MusicModel.h */,
				2631978D1D97A088009DF111 /* MusicModel.m */,
			);
			name = Model;
			sourceTree = "<group>";
		};
		263197831D97A042009DF111 /* View */ = {
			isa = PBXGroup;
			children = (
				263197941D97A0DD009DF111 /* CustomProgressView.h */,
				263197951D97A0DD009DF111 /* CustomProgressView.m */,
				263197961D97A0DD009DF111 /* CustomProgressView+BaseConfiguration.h */,
				263197971D97A0DD009DF111 /* CustomProgressView+BaseConfiguration.m */,
				2631978F1D97A0D2009DF111 /* MusicCell.h */,
				263197901D97A0D2009DF111 /* MusicCell.m */,
				263197911D97A0D2009DF111 /* MusicCell.xib */,
			);
			name = View;
			sourceTree = "<group>";
		};
		2631979A1D97A3A7009DF111 /* Album */ = {
			isa = PBXGroup;
			children = (
				2631979D1D97A3D3009DF111 /* Model */,
				2631979C1D97A3C2009DF111 /* View */,
				2631979B1D97A3B3009DF111 /* Controller */,
			);
			path = Album;
			sourceTree = "<group>";
		};
		2631979B1D97A3B3009DF111 /* Controller */ = {
			isa = PBXGroup;
			children = (
				26C8CE4C1D92AF06008A3CD9 /* AlbumViewController.h */,
				26C8CE4D1D92AF06008A3CD9 /* AlbumViewController.m */,
				26348B101D9BA02700DC52FC /* AlbumDetailViewController.h */,
				26348B111D9BA02700DC52FC /* AlbumDetailViewController.m */,
				26348B121D9BA02700DC52FC /* AlbumDetailViewController.xib */,
			);
			name = Controller;
			sourceTree = "<group>";
		};
		2631979C1D97A3C2009DF111 /* View */ = {
			isa = PBXGroup;
			children = (
				2631976A1D95B632009DF111 /* AlbumCell.h */,
				2631976B1D95B632009DF111 /* AlbumCell.m */,
				2631976C1D95B632009DF111 /* AlbumCell.xib */,
				26348B151D9BA0A900DC52FC /* AlbumDetailCell.h */,
				26348B161D9BA0A900DC52FC /* AlbumDetailCell.m */,
				26348B171D9BA0A900DC52FC /* AlbumDetailCell.xib */,
				26348B1A1D9BA0D200DC52FC /* headerView.h */,
				26348B1B1D9BA0D200DC52FC /* headerView.m */,
				26348B1C1D9BA0D200DC52FC /* headerView.xib */,
			);
			name = View;
			sourceTree = "<group>";
		};
		2631979D1D97A3D3009DF111 /* Model */ = {
			isa = PBXGroup;
			children = (
			);
			name = Model;
			sourceTree = "<group>";
		};
		26C8CE051D92A86B008A3CD9 = {
			isa = PBXGroup;
			children = (
				26C8CE101D92A86B008A3CD9 /* HZLProjectDemo */,
				26C8CE0F1D92A86B008A3CD9 /* Products */,
				F886E37D6F1F3025EB1A17FD /* Pods */,
				CB548B34FD3AE783252F5751 /* Frameworks */,
			);
			sourceTree = "<group>";
		};
		26C8CE0F1D92A86B008A3CD9 /* Products */ = {
			isa = PBXGroup;
			children = (
				26C8CE0E1D92A86B008A3CD9 /* HZLProjectDemo.app */,
			);
			name = Products;
			sourceTree = "<group>";
		};
		26C8CE101D92A86B008A3CD9 /* HZLProjectDemo */ = {
			isa = PBXGroup;
			children = (
				26E86E4F1D93D85F0041F91D /* Other */,
				26C8CE2C1D92ACC1008A3CD9 /* BaseContent */,
				26C8CE2B1D92AC2F008A3CD9 /* Me */,
				26C8CE2A1D92AC26008A3CD9 /* Remind */,
				26C8CE291D92AC1D008A3CD9 /* Discover */,
				26C8CE281D92AC06008A3CD9 /* Trend */,
				26C8CE141D92A86B008A3CD9 /* AppDelegate.h */,
				26C8CE151D92A86B008A3CD9 /* AppDelegate.m */,
				26C8CE171D92A86B008A3CD9 /* ViewController.h */,
				26C8CE181D92A86B008A3CD9 /* ViewController.m */,
				26C8CE1A1D92A86B008A3CD9 /* Main.storyboard */,
				26C8CE1D1D92A86B008A3CD9 /* Assets.xcassets */,
				26C8CE1F1D92A86B008A3CD9 /* LaunchScreen.storyboard */,
				26C8CE221D92A86B008A3CD9 /* Info.plist */,
				26C8CE111D92A86B008A3CD9 /* Supporting Files */,
			);
			path = HZLProjectDemo;
			sourceTree = "<group>";
		};
		26C8CE111D92A86B008A3CD9 /* Supporting Files */ = {
			isa = PBXGroup;
			children = (
				26C8CE2D1D92ACED008A3CD9 /* HeaderFile */,
				26C8CE121D92A86B008A3CD9 /* main.m */,
			);
			name = "Supporting Files";
			sourceTree = "<group>";
		};
		26C8CE281D92AC06008A3CD9 /* Trend */ = {
			isa = PBXGroup;
			children = (
				26C8CE421D92AE48008A3CD9 /* Controller */,
				26C8CE411D92AE3D008A3CD9 /* Model */,
				26C8CE401D92AE36008A3CD9 /* View */,
			);
			path = Trend;
			sourceTree = "<group>";
		};
		26C8CE291D92AC1D008A3CD9 /* Discover */ = {
			isa = PBXGroup;
			children = (
				26C8CE3F1D92AE2D008A3CD9 /* Model */,
				26C8CE3E1D92AE24008A3CD9 /* Controller */,
				26C8CE3D1D92AE1C008A3CD9 /* View */,
			);
			path = Discover;
			sourceTree = "<group>";
		};
		26C8CE2A1D92AC26008A3CD9 /* Remind */ = {
			isa = PBXGroup;
			children = (
				26C8CE3C1D92AE12008A3CD9 /* Model */,
				26C8CE3B1D92AE0A008A3CD9 /* Controller */,
				26C8CE3A1D92ADFE008A3CD9 /* View */,
			);
			path = Remind;
			sourceTree = "<group>";
		};
		26C8CE2B1D92AC2F008A3CD9 /* Me */ = {
			isa = PBXGroup;
			children = (
				26C8CE391D92ADF5008A3CD9 /* Model */,
				26C8CE381D92ADED008A3CD9 /* Controller */,
				26C8CE371D92ADE5008A3CD9 /* View */,
			);
			path = Me;
			sourceTree = "<group>";
		};
		26C8CE2C1D92ACC1008A3CD9 /* BaseContent */ = {
			isa = PBXGroup;
			children = (
				2631976F1D95B681009DF111 /* fullPicButton.h */,
				263197701D95B681009DF111 /* fullPicButton.m */,
				263197661D95ADE1009DF111 /* Manager */,
				26C8CE301D92AD10008A3CD9 /* Model */,
				26C8CE2F1D92AD08008A3CD9 /* View */,
				26C8CE2E1D92ACFF008A3CD9 /* Controller */,
			);
			path = BaseContent;
			sourceTree = "<group>";
		};
		26C8CE2D1D92ACED008A3CD9 /* HeaderFile */ = {
			isa = PBXGroup;
			children = (
				26E86E4C1D9395990041F91D /* API.h */,
				26E86E4D1D9397160041F91D /* HZLPch.pch */,
				26E86E4E1D93975C0041F91D /* ThirdPartyLibrary.h */,
			);
			path = HeaderFile;
			sourceTree = "<group>";
		};
		26C8CE2E1D92ACFF008A3CD9 /* Controller */ = {
			isa = PBXGroup;
			children = (
				2631979A1D97A3A7009DF111 /* Album */,
				263197801D97A026009DF111 /* Music */,
				26C8CE491D92AEF6008A3CD9 /* HZLTabBarViewController.h */,
				26C8CE4A1D92AEF6008A3CD9 /* HZLTabBarViewController.m */,
				2631979E1D97A3F0009DF111 /* BaseViewController.h */,
				2631979F1D97A3F0009DF111 /* BaseViewController.m */,
				26348B4D1D9D2F0E00DC52FC /* RootViewController.h */,
				26348B4E1D9D2F0E00DC52FC /* RootViewController.m */,
			);
			path = Controller;
			sourceTree = "<group>";
		};
		26C8CE2F1D92AD08008A3CD9 /* View */ = {
			isa = PBXGroup;
			children = (
			);
			path = View;
			sourceTree = "<group>";
		};
		26C8CE301D92AD10008A3CD9 /* Model */ = {
			isa = PBXGroup;
			children = (
				2631977A1D97195F009DF111 /* BaseModel.h */,
				2631977B1D97195F009DF111 /* BaseModel.m */,
			);
			path = Model;
			sourceTree = "<group>";
		};
		26C8CE371D92ADE5008A3CD9 /* View */ = {
			isa = PBXGroup;
			children = (
			);
			path = View;
			sourceTree = "<group>";
		};
		26C8CE381D92ADED008A3CD9 /* Controller */ = {
			isa = PBXGroup;
			children = (
				26C8CE431D92AEBA008A3CD9 /* MeViewController.h */,
				26C8CE441D92AEBA008A3CD9 /* MeViewController.m */,
			);
			path = Controller;
			sourceTree = "<group>";
		};
		26C8CE391D92ADF5008A3CD9 /* Model */ = {
			isa = PBXGroup;
			children = (
			);
			path = Model;
			sourceTree = "<group>";
		};
		26C8CE3A1D92ADFE008A3CD9 /* View */ = {
			isa = PBXGroup;
			children = (
			);
			path = View;
			sourceTree = "<group>";
		};
		26C8CE3B1D92AE0A008A3CD9 /* Controller */ = {
			isa = PBXGroup;
			children = (
				26C8CE4F1D92AF1D008A3CD9 /* RemindViewController.h */,
				26C8CE501D92AF1D008A3CD9 /* RemindViewController.m */,
			);
			path = Controller;
			sourceTree = "<group>";
		};
		26C8CE3C1D92AE12008A3CD9 /* Model */ = {
			isa = PBXGroup;
			children = (
			);
			path = Model;
			sourceTree = "<group>";
		};
		26C8CE3D1D92AE1C008A3CD9 /* View */ = {
			isa = PBXGroup;
			children = (
				2643BD6B1DA6682700B53A3E /* DiscoverViewHeader.h */,
				2643BD6C1DA6682700B53A3E /* DiscoverViewHeader.m */,
				2643BD701DA6686100B53A3E /* DiscoverViewHeader.xib */,
				2643BD721DA6810000B53A3E /* PicTitleBtn.h */,
				2643BD731DA6810000B53A3E /* PicTitleBtn.m */,
				2643BD751DA6CAB400B53A3E /* DiscoverHeaderScroll.h */,
				2643BD761DA6CAB400B53A3E /* DiscoverHeaderScroll.m */,
				26A4E0301DA7FD9B0037E544 /* DiscoveryFlowLayout.h */,
				26A4E0311DA7FD9B0037E544 /* DiscoveryFlowLayout.m */,
				26A4E0591DAA70F20037E544 /* DisccoverCollectionViewCellOne.h */,
				26A4E05A1DAA70F20037E544 /* DisccoverCollectionViewCellOne.m */,
				26A4E05B1DAA70F20037E544 /* DisccoverCollectionViewCellOne.xib */,
			);
			path = View;
			sourceTree = "<group>";
		};
		26C8CE3E1D92AE24008A3CD9 /* Controller */ = {
			isa = PBXGroup;
			children = (
				26C8CE521D92AF2B008A3CD9 /* DiscoverViewController.h */,
				26C8CE531D92AF2B008A3CD9 /* DiscoverViewController.m */,
			);
			path = Controller;
			sourceTree = "<group>";
		};
		26C8CE3F1D92AE2D008A3CD9 /* Model */ = {
			isa = PBXGroup;
			children = (
				26A4E02D1DA7A2B50037E544 /* DiscoveryModel.h */,
				26A4E02E1DA7A2B50037E544 /* DiscoveryModel.m */,
			);
			path = Model;
			sourceTree = "<group>";
		};
		26C8CE401D92AE36008A3CD9 /* View */ = {
			isa = PBXGroup;
			children = (
				2631975E1D957C83009DF111 /* HZLScrollView.h */,
				2631975F1D957C83009DF111 /* HZLScrollView.m */,
				263197601D957C83009DF111 /* HZLSegment.h */,
				263197611D957C83009DF111 /* HZLSegment.m */,
				263197521D955E7D009DF111 /* HZLScrollView2.h */,
				263197531D955E7D009DF111 /* HZLScrollView2.m */,
				263197541D955E7D009DF111 /* HZLSegment2.h */,
				263197551D955E7D009DF111 /* HZLSegment2.m */,
			);
			path = View;
			sourceTree = "<group>";
		};
		26C8CE411D92AE3D008A3CD9 /* Model */ = {
			isa = PBXGroup;
			children = (
			);
			path = Model;
			sourceTree = "<group>";
		};
		26C8CE421D92AE48008A3CD9 /* Controller */ = {
			isa = PBXGroup;
			children = (
				26C8CE551D92AF36008A3CD9 /* TrendViewController.h */,
				26C8CE561D92AF36008A3CD9 /* TrendViewController.m */,
			);
			path = Controller;
			sourceTree = "<group>";
		};
		26E86E4F1D93D85F0041F91D /* Other */ = {
			isa = PBXGroup;
			children = (
				263197641D95830F009DF111 /* Reveal.framework */,
				2631975B1D956228009DF111 /* HZLFrame2.h */,
				2631975C1D956228009DF111 /* HZLFrame2.m */,
			);
			path = Other;
			sourceTree = "<group>";
		};
		CB548B34FD3AE783252F5751 /* Frameworks */ = {
			isa = PBXGroup;
			children = (
				AFA2381D08A7287B766C93F8 /* libPods-HZLProjectDemo.a */,
			);
			name = Frameworks;
			sourceTree = "<group>";
		};
		F886E37D6F1F3025EB1A17FD /* Pods */ = {
			isa = PBXGroup;
			children = (
				3CC10C386C8AC672D268900A /* Pods-HZLProjectDemo.debug.xcconfig */,
				1F77062DCDC8809FE50472CE /* Pods-HZLProjectDemo.release.xcconfig */,
			);
			name = Pods;
			sourceTree = "<group>";
		};
/* End PBXGroup section */

/* Begin PBXNativeTarget section */
		26C8CE0D1D92A86B008A3CD9 /* HZLProjectDemo */ = {
			isa = PBXNativeTarget;
			buildConfigurationList = 26C8CE251D92A86B008A3CD9 /* Build configuration list for PBXNativeTarget "HZLProjectDemo" */;
			buildPhases = (
				A2304508991FDB7807D6152C /* 📦 Check Pods Manifest.lock */,
				26C8CE0A1D92A86B008A3CD9 /* Sources */,
				26C8CE0B1D92A86B008A3CD9 /* Frameworks */,
				26C8CE0C1D92A86B008A3CD9 /* Resources */,
				C18E9981AC255C1BC1B4038D /* 📦 Embed Pods Frameworks */,
				AFCDD62B196FD26EBB3763AC /* 📦 Copy Pods Resources */,
			);
			buildRules = (
			);
			dependencies = (
			);
			name = HZLProjectDemo;
			productName = HZLProjectDemo;
			productReference = 26C8CE0E1D92A86B008A3CD9 /* HZLProjectDemo.app */;
			productType = "com.apple.product-type.application";
		};
/* End PBXNativeTarget section */

/* Begin PBXProject section */
		26C8CE061D92A86B008A3CD9 /* Project object */ = {
			isa = PBXProject;
			attributes = {
				LastUpgradeCheck = 0720;
				ORGANIZATIONNAME = "黄梓伦";
				TargetAttributes = {
					26C8CE0D1D92A86B008A3CD9 = {
						CreatedOnToolsVersion = 7.2.1;
						DevelopmentTeam = A5H9FFHS4U;
					};
				};
			};
			buildConfigurationList = 26C8CE091D92A86B008A3CD9 /* Build configuration list for PBXProject "HZLProjectDemo" */;
			compatibilityVersion = "Xcode 3.2";
			developmentRegion = English;
			hasScannedForEncodings = 0;
			knownRegions = (
				en,
				Base,
			);
			mainGroup = 26C8CE051D92A86B008A3CD9;
			productRefGroup = 26C8CE0F1D92A86B008A3CD9 /* Products */;
			projectDirPath = "";
			projectRoot = "";
			targets = (
				26C8CE0D1D92A86B008A3CD9 /* HZLProjectDemo */,
			);
		};
/* End PBXProject section */

/* Begin PBXResourcesBuildPhase section */
		26C8CE0C1D92A86B008A3CD9 /* Resources */ = {
			isa = PBXResourcesBuildPhase;
			buildActionMask = 2147483647;
			files = (
				26348B191D9BA0A900DC52FC /* AlbumDetailCell.xib in Resources */,
				2631978B1D97A06B009DF111 /* MusicDetailViewController.xib in Resources */,
				26C8CE211D92A86B008A3CD9 /* LaunchScreen.storyboard in Resources */,
				26C8CE1E1D92A86B008A3CD9 /* Assets.xcassets in Resources */,
				26C8CE1C1D92A86B008A3CD9 /* Main.storyboard in Resources */,
				26348B1E1D9BA0D200DC52FC /* headerView.xib in Resources */,
				26348B141D9BA02700DC52FC /* AlbumDetailViewController.xib in Resources */,
				2631976E1D95B632009DF111 /* AlbumCell.xib in Resources */,
				26A4E05D1DAA70F20037E544 /* DisccoverCollectionViewCellOne.xib in Resources */,
				2643BD711DA6686100B53A3E /* DiscoverViewHeader.xib in Resources */,
				263197931D97A0D2009DF111 /* MusicCell.xib in Resources */,
			);
			runOnlyForDeploymentPostprocessing = 0;
		};
/* End PBXResourcesBuildPhase section */

/* Begin PBXShellScriptBuildPhase section */
		A2304508991FDB7807D6152C /* 📦 Check Pods Manifest.lock */ = {
			isa = PBXShellScriptBuildPhase;
			buildActionMask = 2147483647;
			files = (
			);
			inputPaths = (
			);
			name = "📦 Check Pods Manifest.lock";
			outputPaths = (
			);
			runOnlyForDeploymentPostprocessing = 0;
			shellPath = /bin/sh;
			shellScript = "diff \"${PODS_ROOT}/../Podfile.lock\" \"${PODS_ROOT}/Manifest.lock\" > /dev/null\nif [[ $? != 0 ]] ; then\n    cat << EOM\nerror: The sandbox is not in sync with the Podfile.lock. Run 'pod install' or update your CocoaPods installation.\nEOM\n    exit 1\nfi\n";
			showEnvVarsInLog = 0;
		};
		AFCDD62B196FD26EBB3763AC /* 📦 Copy Pods Resources */ = {
			isa = PBXShellScriptBuildPhase;
			buildActionMask = 2147483647;
			files = (
			);
			inputPaths = (
			);
			name = "📦 Copy Pods Resources";
			outputPaths = (
			);
			runOnlyForDeploymentPostprocessing = 0;
			shellPath = /bin/sh;
			shellScript = "\"${SRCROOT}/Pods/Target Support Files/Pods-HZLProjectDemo/Pods-HZLProjectDemo-resources.sh\"\n";
			showEnvVarsInLog = 0;
		};
		C18E9981AC255C1BC1B4038D /* 📦 Embed Pods Frameworks */ = {
			isa = PBXShellScriptBuildPhase;
			buildActionMask = 2147483647;
			files = (
			);
			inputPaths = (
			);
			name = "📦 Embed Pods Frameworks";
			outputPaths = (
			);
			runOnlyForDeploymentPostprocessing = 0;
			shellPath = /bin/sh;
			shellScript = "\"${SRCROOT}/Pods/Target Support Files/Pods-HZLProjectDemo/Pods-HZLProjectDemo-frameworks.sh\"\n";
			showEnvVarsInLog = 0;
		};
/* End PBXShellScriptBuildPhase section */

/* Begin PBXSourcesBuildPhase section */
		26C8CE0A1D92A86B008A3CD9 /* Sources */ = {
			isa = PBXSourcesBuildPhase;
			buildActionMask = 2147483647;
			files = (
				2631977F1D97930A009DF111 /* HZLNetManager.m in Sources */,
				2631977C1D97195F009DF111 /* BaseModel.m in Sources */,
				26C8CE451D92AEBA008A3CD9 /* MeViewController.m in Sources */,
				263197571D955E7D009DF111 /* HZLSegment2.m in Sources */,
				26C8CE541D92AF2B008A3CD9 /* DiscoverViewController.m in Sources */,
				2631978A1D97A06B009DF111 /* MusicDetailViewController.m in Sources */,
				2643BD6D1DA6682700B53A3E /* DiscoverViewHeader.m in Sources */,
				263197981D97A0DD009DF111 /* CustomProgressView.m in Sources */,
				2643BD771DA6CAB400B53A3E /* DiscoverHeaderScroll.m in Sources */,
				26C8CE4E1D92AF06008A3CD9 /* AlbumViewController.m in Sources */,
				26C8CE571D92AF36008A3CD9 /* TrendViewController.m in Sources */,
				26C8CE191D92A86B008A3CD9 /* ViewController.m in Sources */,
				263197991D97A0DD009DF111 /* CustomProgressView+BaseConfiguration.m in Sources */,
				263197A01D97A3F0009DF111 /* BaseViewController.m in Sources */,
				263197861D97A05B009DF111 /* MusicViewController.m in Sources */,
				26A4E02F1DA7A2B50037E544 /* DiscoveryModel.m in Sources */,
				26A4E0321DA7FD9C0037E544 /* DiscoveryFlowLayout.m in Sources */,
				2631978E1D97A088009DF111 /* MusicModel.m in Sources */,
				263197921D97A0D2009DF111 /* MusicCell.m in Sources */,
				26348B1D1D9BA0D200DC52FC /* headerView.m in Sources */,
				263197711D95B681009DF111 /* fullPicButton.m in Sources */,
				2631976D1D95B632009DF111 /* AlbumCell.m in Sources */,
				26C8CE511D92AF1D008A3CD9 /* RemindViewController.m in Sources */,
				26A4E05C1DAA70F20037E544 /* DisccoverCollectionViewCellOne.m in Sources */,
				2631975D1D956228009DF111 /* HZLFrame2.m in Sources */,
				263197621D957C83009DF111 /* HZLScrollView.m in Sources */,
				26348B4F1D9D2F0E00DC52FC /* RootViewController.m in Sources */,
				26348B181D9BA0A900DC52FC /* AlbumDetailCell.m in Sources */,
				26C8CE161D92A86B008A3CD9 /* AppDelegate.m in Sources */,
				263197631D957C83009DF111 /* HZLSegment.m in Sources */,
				263197561D955E7D009DF111 /* HZLScrollView2.m in Sources */,
				26C8CE131D92A86B008A3CD9 /* main.m in Sources */,
				26C8CE4B1D92AEF6008A3CD9 /* HZLTabBarViewController.m in Sources */,
				26348B131D9BA02700DC52FC /* AlbumDetailViewController.m in Sources */,
				2643BD741DA6810000B53A3E /* PicTitleBtn.m in Sources */,
			);
			runOnlyForDeploymentPostprocessing = 0;
		};
/* End PBXSourcesBuildPhase section */

/* Begin PBXVariantGroup section */
		26C8CE1A1D92A86B008A3CD9 /* Main.storyboard */ = {
			isa = PBXVariantGroup;
			children = (
				26C8CE1B1D92A86B008A3CD9 /* Base */,
			);
			name = Main.storyboard;
			sourceTree = "<group>";
		};
		26C8CE1F1D92A86B008A3CD9 /* LaunchScreen.storyboard */ = {
			isa = PBXVariantGroup;
			children = (
				26C8CE201D92A86B008A3CD9 /* Base */,
			);
			name = LaunchScreen.storyboard;
			sourceTree = "<group>";
		};
/* End PBXVariantGroup section */

/* Begin XCBuildConfiguration section */
		26C8CE231D92A86B008A3CD9 /* Debug */ = {
			isa = XCBuildConfiguration;
			buildSettings = {
				ALWAYS_SEARCH_USER_PATHS = NO;
				CLANG_CXX_LANGUAGE_STANDARD = "gnu++0x";
				CLANG_CXX_LIBRARY = "libc++";
				CLANG_ENABLE_MODULES = YES;
				CLANG_ENABLE_OBJC_ARC = YES;
				CLANG_WARN_BOOL_CONVERSION = YES;
				CLANG_WARN_CONSTANT_CONVERSION = YES;
				CLANG_WARN_DIRECT_OBJC_ISA_USAGE = YES_ERROR;
				CLANG_WARN_EMPTY_BODY = YES;
				CLANG_WARN_ENUM_CONVERSION = YES;
				CLANG_WARN_INT_CONVERSION = YES;
				CLANG_WARN_OBJC_ROOT_CLASS = YES_ERROR;
				CLANG_WARN_UNREACHABLE_CODE = YES;
				CLANG_WARN__DUPLICATE_METHOD_MATCH = YES;
				"CODE_SIGN_IDENTITY[sdk=iphoneos*]" = "iPhone Developer";
				COPY_PHASE_STRIP = NO;
				DEBUG_INFORMATION_FORMAT = dwarf;
				ENABLE_STRICT_OBJC_MSGSEND = YES;
				ENABLE_TESTABILITY = YES;
				GCC_C_LANGUAGE_STANDARD = gnu99;
				GCC_DYNAMIC_NO_PIC = NO;
				GCC_NO_COMMON_BLOCKS = YES;
				GCC_OPTIMIZATION_LEVEL = 0;
				GCC_PREPROCESSOR_DEFINITIONS = (
					"DEBUG=1",
					"$(inherited)",
				);
				GCC_WARN_64_TO_32_BIT_CONVERSION = YES;
				GCC_WARN_ABOUT_RETURN_TYPE = YES_ERROR;
				GCC_WARN_UNDECLARED_SELECTOR = YES;
				GCC_WARN_UNINITIALIZED_AUTOS = YES_AGGRESSIVE;
				GCC_WARN_UNUSED_FUNCTION = YES;
				GCC_WARN_UNUSED_VARIABLE = YES;
				IPHONEOS_DEPLOYMENT_TARGET = 9.2;
				MTL_ENABLE_DEBUG_INFO = YES;
				ONLY_ACTIVE_ARCH = YES;
				SDKROOT = iphoneos;
			};
			name = Debug;
		};
		26C8CE241D92A86B008A3CD9 /* Release */ = {
			isa = XCBuildConfiguration;
			buildSettings = {
				ALWAYS_SEARCH_USER_PATHS = NO;
				CLANG_CXX_LANGUAGE_STANDARD = "gnu++0x";
				CLANG_CXX_LIBRARY = "libc++";
				CLANG_ENABLE_MODULES = YES;
				CLANG_ENABLE_OBJC_ARC = YES;
				CLANG_WARN_BOOL_CONVERSION = YES;
				CLANG_WARN_CONSTANT_CONVERSION = YES;
				CLANG_WARN_DIRECT_OBJC_ISA_USAGE = YES_ERROR;
				CLANG_WARN_EMPTY_BODY = YES;
				CLANG_WARN_ENUM_CONVERSION = YES;
				CLANG_WARN_INT_CONVERSION = YES;
				CLANG_WARN_OBJC_ROOT_CLASS = YES_ERROR;
				CLANG_WARN_UNREACHABLE_CODE = YES;
				CLANG_WARN__DUPLICATE_METHOD_MATCH = YES;
				"CODE_SIGN_IDENTITY[sdk=iphoneos*]" = "iPhone Developer";
				COPY_PHASE_STRIP = NO;
				DEBUG_INFORMATION_FORMAT = "dwarf-with-dsym";
				ENABLE_NS_ASSERTIONS = NO;
				ENABLE_STRICT_OBJC_MSGSEND = YES;
				GCC_C_LANGUAGE_STANDARD = gnu99;
				GCC_NO_COMMON_BLOCKS = YES;
				GCC_WARN_64_TO_32_BIT_CONVERSION = YES;
				GCC_WARN_ABOUT_RETURN_TYPE = YES_ERROR;
				GCC_WARN_UNDECLARED_SELECTOR = YES;
				GCC_WARN_UNINITIALIZED_AUTOS = YES_AGGRESSIVE;
				GCC_WARN_UNUSED_FUNCTION = YES;
				GCC_WARN_UNUSED_VARIABLE = YES;
				IPHONEOS_DEPLOYMENT_TARGET = 9.2;
				MTL_ENABLE_DEBUG_INFO = NO;
				SDKROOT = iphoneos;
				VALIDATE_PRODUCT = YES;
			};
			name = Release;
		};
		26C8CE261D92A86B008A3CD9 /* Debug */ = {
			isa = XCBuildConfiguration;
			baseConfigurationReference = 3CC10C386C8AC672D268900A /* Pods-HZLProjectDemo.debug.xcconfig */;
			buildSettings = {
				ASSETCATALOG_COMPILER_APPICON_NAME = AppIcon;
				CODE_SIGN_IDENTITY = "iPhone Developer";
				FRAMEWORK_SEARCH_PATHS = (
					"$(inherited)",
					"$(PROJECT_DIR)/HZLProjectDemo/Other",
				);
				GCC_PREFIX_HEADER = "$(SRCROOT)/HZLProjectDemo/HeaderFile/HZLPch.pch";
				INFOPLIST_FILE = HZLProjectDemo/Info.plist;
				LD_RUNPATH_SEARCH_PATHS = "$(inherited) @executable_path/Frameworks";
				OTHER_LDFLAGS = (
					"$(inherited)",
					"-ObjC",
					"-l\"AFNetworking\"",
					"-l\"AVOSCloud\"",
					"-l\"FMDB\"",
					"-l\"KVNProgress\"",
					"-l\"MBProgressHUD\"",
					"-l\"MJRefresh\"",
					"-l\"Masonry\"",
					"-l\"SDWebImage\"",
					"-l\"SVProgressHUD\"",
					"-l\"YYModel\"",
					"-l\"c++\"",
					"-l\"icucore\"",
					"-l\"pop\"",
					"-l\"sqlite3\"",
					"-l\"z\"",
					"-framework",
					"\"CFNetwork\"",
					"-framework",
					"\"CoreFoundation\"",
					"-framework",
					"\"CoreGraphics\"",
					"-framework",
					"\"CoreLocation\"",
					"-framework",
					"\"CoreTelephony\"",
					"-framework",
					"\"Foundation\"",
					"-framework",
					"\"GLKit\"",
					"-framework",
					"\"ImageIO\"",
					"-framework",
					"\"MobileCoreServices\"",
					"-framework",
					"\"QuartzCore\"",
					"-framework",
					"\"Security\"",
					"-framework",
					"\"SystemConfiguration\"",
					"-framework",
					"\"UIKit\"",
					"-ObjC",
					"-lz",
					"-framework",
					Reveal,
				);
				PRODUCT_BUNDLE_IDENTIFIER = com.HZL.HZLProjectDemo;
				PRODUCT_NAME = "$(TARGET_NAME)";
			};
			name = Debug;
		};
		26C8CE271D92A86B008A3CD9 /* Release */ = {
			isa = XCBuildConfiguration;
			baseConfigurationReference = 1F77062DCDC8809FE50472CE /* Pods-HZLProjectDemo.release.xcconfig */;
			buildSettings = {
				ASSETCATALOG_COMPILER_APPICON_NAME = AppIcon;
				CODE_SIGN_IDENTITY = "iPhone Developer";
				FRAMEWORK_SEARCH_PATHS = (
					"$(inherited)",
					"$(PROJECT_DIR)/HZLProjectDemo/Other",
				);
				GCC_PREFIX_HEADER = "$(SRCROOT)/HZLProjectDemo/HeaderFile/HZLPch.pch";
				INFOPLIST_FILE = HZLProjectDemo/Info.plist;
				LD_RUNPATH_SEARCH_PATHS = "$(inherited) @executable_path/Frameworks";
				OTHER_LDFLAGS = (
					"$(inherited)",
					"-ObjC",
					"-l\"AFNetworking\"",
					"-l\"AVOSCloud\"",
					"-l\"FMDB\"",
					"-l\"KVNProgress\"",
					"-l\"MBProgressHUD\"",
					"-l\"MJRefresh\"",
					"-l\"Masonry\"",
					"-l\"SDWebImage\"",
					"-l\"SVProgressHUD\"",
					"-l\"YYModel\"",
					"-l\"c++\"",
					"-l\"icucore\"",
					"-l\"pop\"",
					"-l\"sqlite3\"",
					"-l\"z\"",
					"-framework",
					"\"CFNetwork\"",
					"-framework",
					"\"CoreFoundation\"",
					"-framework",
					"\"CoreGraphics\"",
					"-framework",
					"\"CoreLocation\"",
					"-framework",
					"\"CoreTelephony\"",
					"-framework",
					"\"Foundation\"",
					"-framework",
					"\"GLKit\"",
					"-framework",
					"\"ImageIO\"",
					"-framework",
					"\"MobileCoreServices\"",
					"-framework",
					"\"QuartzCore\"",
					"-framework",
					"\"Security\"",
					"-framework",
					"\"SystemConfiguration\"",
					"-framework",
					"\"UIKit\"",
					"-ObjC",
					"-lz",
					"-framework",
					Reveal,
				);
				PRODUCT_BUNDLE_IDENTIFIER = com.HZL.HZLProjectDemo;
				PRODUCT_NAME = "$(TARGET_NAME)";
			};
			name = Release;
		};
/* End XCBuildConfiguration section */

/* Begin XCConfigurationList section */
		26C8CE091D92A86B008A3CD9 /* Build configuration list for PBXProject "HZLProjectDemo" */ = {
			isa = XCConfigurationList;
			buildConfigurations = (
				26C8CE231D92A86B008A3CD9 /* Debug */,
				26C8CE241D92A86B008A3CD9 /* Release */,
			);
			defaultConfigurationIsVisible = 0;
			defaultConfigurationName = Release;
		};
		26C8CE251D92A86B008A3CD9 /* Build configuration list for PBXNativeTarget "HZLProjectDemo" */ = {
			isa = XCConfigurationList;
			buildConfigurations = (
				26C8CE261D92A86B008A3CD9 /* Debug */,
				26C8CE271D92A86B008A3CD9 /* Release */,
			);
			defaultConfigurationIsVisible = 0;
			defaultConfigurationName = Release;
		};
/* End XCConfigurationList section */
	};
	rootObject = 26C8CE061D92A86B008A3CD9 /* Project object */;
}
